version = 1
revision = 3
requires-python = ">=3.14"

[[package]]
name = "colorama"
version = "0.4.6"
source = { registry = "https://pypi.org/simple" }
sdist = { url = "https://files.pythonhosted.org/packages/d8/53/6f443c9a4a8358a93a6792e2acffb9d9d5cb0a5cfd8802644b7b1c9a02e4/colorama-0.4.6.tar.gz", hash = "sha256:08695f5cb7ed6e0531a20572697297273c47b8cae5a63ffc6d6ed5c201be6e44", size = 27697, upload-time = "2022-10-25T02:36:22.414Z" }
wheels = [
    { url = "https://files.pythonhosted.org/packages/d1/d6/3965ed04c63042e047cb6a3e6ed1a63a35087b6a609aa3a15ed8ac56c221/colorama-0.4.6-py2.py3-none-any.whl", hash = "sha256:4f1d9991f5acc0ca119f9d443620b77f9d6b33703e51011c16baf57afb285fc6", size = 25335, upload-time = "2022-10-25T02:36:20.889Z" },
]

[[package]]
name = "filelock"
version = "3.20.3"
source = { registry = "https://pypi.org/simple" }
sdist = { url = "https://files.pythonhosted.org/packages/1d/65/ce7f1b70157833bf3cb851b556a37d4547ceafc158aa9b34b36782f23696/filelock-3.20.3.tar.gz", hash = "sha256:18c57ee915c7ec61cff0ecf7f0f869936c7c30191bb0cf406f1341778d0834e1", size = 19485, upload-time = "2026-01-09T17:55:05.421Z" }
wheels = [
    { url = "https://files.pythonhosted.org/packages/b5/36/7fb70f04bf00bc646cd5bb45aa9eddb15e19437a28b8fb2b4a5249fac770/filelock-3.20.3-py3-none-any.whl", hash = "sha256:4b0dda527ee31078689fc205ec4f1c1bf7d56cf88b6dc9426c4f230e46c2dce1", size = 16701, upload-time = "2026-01-09T17:55:04.334Z" },
]

[[package]]
name = "packaging"
version = "26.0"
source = { registry = "https://pypi.org/simple" }
sdist = { url = "https://files.pythonhosted.org/packages/65/ee/299d360cdc32edc7d2cf530f3accf79c4fca01e96ffc950d8a52213bd8e4/packaging-26.0.tar.gz", hash = "sha256:00243ae351a257117b6a241061796684b084ed1c516a08c48a3f7e147a9d80b4", size = 143416, upload-time = "2026-01-21T20:50:39.064Z" }
wheels = [
    { url = "https://files.pythonhosted.org/packages/b7/b9/c538f279a4e237a006a2c98387d081e9eb060d203d8ed34467cc0f0b9b53/packaging-26.0-py3-none-any.whl", hash = "sha256:b36f1fef9334a5588b4166f8bcd26a14e521f2b55e6b9de3aaa80d3ff7a37529", size = 74366, upload-time = "2026-01-21T20:50:37.788Z" },
]

[[package]]
name = "signac"
version = "2.3.0"
source = { registry = "https://pypi.org/simple" }
dependencies = [
    { name = "filelock" },
    { name = "packaging" },
    { name = "synced-collections" },
    { name = "tqdm" },
]
sdist = { url = "https://files.pythonhosted.org/packages/9c/d4/03433264e6db727fd8176a255984641611a8a14c00911d05f6fa03fb56f6/signac-2.3.0.tar.gz", hash = "sha256:0cd73bf31b29f7a6954e3ea9ce5e4904193d53650f2029064467e69ebfe76c9e", size = 159576, upload-time = "2025-04-14T15:16:32.762Z" }
wheels = [
    { url = "https://files.pythonhosted.org/packages/c2/d0/ba7cbda6628b978bcadbdd3579e23d5dc3f576bc6362990dc670a5ec6d51/signac-2.3.0-py3-none-any.whl", hash = "sha256:a4985f77323fe116bbdd28bb39354a908b598bd1551500ea2bff7ca81aca06c0", size = 129502, upload-time = "2025-04-14T15:16:31.255Z" },
]

[[package]]
name = "signac-deps"
version = "0.1.0"
source = { virtual = "." }
dependencies = [
    { name = "signac" },
]

[package.metadata]
requires-dist = [{ name = "signac", specifier = ">=2.0" }]

[[package]]
name = "synced-collections"
version = "1.0.0"
source = { registry = "https://pypi.org/simple" }
sdist = { url = "https://files.pythonhosted.org/packages/06/f8/dd1fcc92dfeed903be2e2e1d78c5c25e7d32afc73bd43da44fb75d547771/synced_collections-1.0.0.tar.gz", hash = "sha256:c5c72df4074ce95625f155d8bc1ac608ba4d9fbb0fffde4da3c0e3a88a1e30bd", size = 48819, upload-time = "2023-05-17T16:54:52.209Z" }
wheels = [
    { url = "https://files.pythonhosted.org/packages/4a/62/d47b056adb89c2e826f35d7d1ef16231bc3ce1d935c217725c38bd28a6b3/synced_collections-1.0.0-py3-none-any.whl", hash = "sha256:1b0781bb887f8a0dc113bc07f7df545351e4e8d81a4808503a82952430c48392", size = 57311, upload-time = "2023-05-17T16:54:50.413Z" },
]

[[package]]
name = "tqdm"
version = "4.67.3"
source = { registry = "https://pypi.org/simple" }
dependencies = [
    { name = "colorama", marker = "sys_platform == 'win32'" },
]
sdist = { url = "https://files.pythonhosted.org/packages/09/a9/6ba95a270c6f1fbcd8dac228323f2777d886cb206987444e4bce66338dd4/tqdm-4.67.3.tar.gz", hash = "sha256:7d825f03f89244ef73f1d4ce193cb1774a8179fd96f31d7e1dcde62092b960bb", size = 169598, upload-time = "2026-02-03T17:35:53.048Z" }
wheels = [
    { url = "https://files.pythonhosted.org/packages/16/e1/3079a9ff9b8e11b846c6ac5c8b5bfb7ff225eee721825310c91b3b50304f/tqdm-4.67.3-py3-none-any.whl", hash = "sha256:ee1e4c0e59148062281c49d80b25b67771a127c85fc9676d3be5f243206826bf", size = 78374, upload-time = "2026-02-03T17:35:50.982Z" },
]
